
Microsoft Visual Studio Solution File, Format Version 11.00
# Visual Studio 2010 Express for Windows Phone
Project("{FAE04EC0-301F-11D3-BF4B-00C04F79EFBC}") = "LatestChatty", "LatestChatty\LatestChatty.csproj", "{64DB8905-C70B-45C7-9FCD-FF4A1CA9C238}"
EndProject
Project("{FAE04EC0-301F-11D3-BF4B-00C04F79EFBC}") = "RepliesAgent", "RepliesAgent\RepliesAgent.csproj", "{B4F92377-C494-48B9-8A85-EBFA123F26BE}"
EndProject
Global
	GlobalSection(SolutionConfigurationPlatforms) = preSolution
		Debug|Any CPU = Debug|Any CPU
		Release|Any CPU = Release|Any CPU
	EndGlobalSection
	GlobalSection(ProjectConfigurationPlatforms) = postSolution
		{64DB8905-C70B-45C7-9FCD-FF4A1CA9C238}.Debug|Any CPU.ActiveCfg = Debug|Any CPU
		{64DB8905-C70B-45C7-9FCD-FF4A1CA9C238}.Debug|Any CPU.Build.0 = Debug|Any CPU
		{64DB8905-C70B-45C7-9FCD-FF4A1CA9C238}.Debug|Any CPU.Deploy.0 = Debug|Any CPU
		{64DB8905-C70B-45C7-9FCD-FF4A1CA9C238}.Release|Any CPU.ActiveCfg = Release|Any CPU
		{64DB8905-C70B-45C7-9FCD-FF4A1CA9C238}.Release|Any CPU.Build.0 = Release|Any CPU
		{64DB8905-C70B-45C7-9FCD-FF4A1CA9C238}.Release|Any CPU.Deploy.0 = Release|Any CPU
		{B4F92377-C494-48B9-8A85-EBFA123F26BE}.Debug|Any CPU.ActiveCfg = Debug|Any CPU
		{B4F92377-C494-48B9-8A85-EBFA123F26BE}.Debug|Any CPU.Build.0 = Debug|Any CPU
		{B4F92377-C494-48B9-8A85-EBFA123F26BE}.Release|Any CPU.ActiveCfg = Release|Any CPU
		{B4F92377-C494-48B9-8A85-EBFA123F26BE}.Release|Any CPU.Build.0 = Release|Any CPU
	EndGlobalSection
	GlobalSection(SolutionProperties) = preSolution
		HideSolutionNode = FALSE
	EndGlobalSection
EndGlobal
